// !$*UTF8*$!
{
	archiveVersion = 1;
	classes = {
	};
	objectVersion = 51;
	objects = {

/* Begin PBXBuildFile section */
		4CA341A2270A2E4000965F86 /* LoginViewController.swift in Sources */ = {isa = PBXBuildFile; fileRef = 4CA341A1270A2E4000965F86 /* LoginViewController.swift */; };
		4CA341A4270A301500965F86 /* FeedViewController.swift in Sources */ = {isa = PBXBuildFile; fileRef = 4CA341A3270A301500965F86 /* FeedViewController.swift */; };
		4CC719DB2714872400DCDA90 /* CommentTableViewCell.swift in Sources */ = {isa = PBXBuildFile; fileRef = 4CC719DA2714872400DCDA90 /* CommentTableViewCell.swift */; };
		4CD996DF270A3EDC002010E7 /* CameraViewController.swift in Sources */ = {isa = PBXBuildFile; fileRef = 4CD996DE270A3EDC002010E7 /* CameraViewController.swift */; };
		4CD996E1270A5265002010E7 /* PostCell.swift in Sources */ = {isa = PBXBuildFile; fileRef = 4CD996E0270A5265002010E7 /* PostCell.swift */; };
		4CE66FB5270A2D2C0063A168 /* AppDelegate.swift in Sources */ = {isa = PBXBuildFile; fileRef = 4CE66FB4270A2D2C0063A168 /* AppDelegate.swift */; };
		4CE66FB7270A2D2C0063A168 /* SceneDelegate.swift in Sources */ = {isa = PBXBuildFile; fileRef = 4CE66FB6270A2D2C0063A168 /* SceneDelegate.swift */; };
		4CE66FBC270A2D2C0063A168 /* Main.storyboard in Resources */ = {isa = PBXBuildFile; fileRef = 4CE66FBA270A2D2C0063A168 /* Main.storyboard */; };
		4CE66FBE270A2D2D0063A168 /* Assets.xcassets in Resources */ = {isa = PBXBuildFile; fileRef = 4CE66FBD270A2D2D0063A168 /* Assets.xcassets */; };
		4CE66FC1270A2D2D0063A168 /* LaunchScreen.storyboard in Resources */ = {isa = PBXBuildFile; fileRef = 4CE66FBF270A2D2D0063A168 /* LaunchScreen.storyboard */; };
		AC395BF80144FA66DA9B8FAC /* Pods_Parstagram.framework in Frameworks */ = {isa = PBXBuildFile; fileRef = 2DF7136A4296E614275F6DD8 /* Pods_Parstagram.framework */; };
/* End PBXBuildFile section */

/* Begin PBXFileReference section */
		09EDA53C7096223B8ACA9753 /* Pods-Parstagram.debug.xcconfig */ = {isa = PBXFileReference; includeInIndex = 1; lastKnownFileType = text.xcconfig; name = "Pods-Parstagram.debug.xcconfig"; path = "Target Support Files/Pods-Parstagram/Pods-Parstagram.debug.xcconfig"; sourceTree = "<group>"; };
		2DF7136A4296E614275F6DD8 /* Pods_Parstagram.framework */ = {isa = PBXFileReference; explicitFileType = wrapper.framework; includeInIndex = 0; path = Pods_Parstagram.framework; sourceTree = BUILT_PRODUCTS_DIR; };
		4CA341A1270A2E4000965F86 /* LoginViewController.swift */ = {isa = PBXFileReference; lastKnownFileType = sourcecode.swift; path = LoginViewController.swift; sourceTree = "<group>"; };
		4CA341A3270A301500965F86 /* FeedViewController.swift */ = {isa = PBXFileReference; lastKnownFileType = sourcecode.swift; path = FeedViewController.swift; sourceTree = "<group>"; };
		4CC719DA2714872400DCDA90 /* CommentTableViewCell.swift */ = {isa = PBXFileReference; lastKnownFileType = sourcecode.swift; path = CommentTableViewCell.swift; sourceTree = "<group>"; };
		4CD996DE270A3EDC002010E7 /* CameraViewController.swift */ = {isa = PBXFileReference; lastKnownFileType = sourcecode.swift; path = CameraViewController.swift; sourceTree = "<group>"; };
		4CD996E0270A5265002010E7 /* PostCell.swift */ = {isa = PBXFileReference; lastKnownFileType = sourcecode.swift; path = PostCell.swift; sourceTree = "<group>"; };
		4CE66FB1270A2D2C0063A168 /* Parstagram.app */ = {isa = PBXFileReference; explicitFileType = wrapper.application; includeInIndex = 0; path = Parstagram.app; sourceTree = BUILT_PRODUCTS_DIR; };
		4CE66FB4270A2D2C0063A168 /* AppDelegate.swift */ = {isa = PBXFileReference; lastKnownFileType = sourcecode.swift; path = AppDelegate.swift; sourceTree = "<group>"; };
		4CE66FB6270A2D2C0063A168 /* SceneDelegate.swift */ = {isa = PBXFileReference; lastKnownFileType = sourcecode.swift; path = SceneDelegate.swift; sourceTree = "<group>"; };
		4CE66FBB270A2D2C0063A168 /* Base */ = {isa = PBXFileReference; lastKnownFileType = file.storyboard; name = Base; path = Base.lproj/Main.storyboard; sourceTree = "<group>"; };
		4CE66FBD270A2D2D0063A168 /* Assets.xcassets */ = {isa = PBXFileReference; lastKnownFileType = folder.assetcatalog; path = Assets.xcassets; sourceTree = "<group>"; };
		4CE66FC0270A2D2D0063A168 /* Base */ = {isa = PBXFileReference; lastKnownFileType = file.storyboard; name = Base; path = Base.lproj/LaunchScreen.storyboard; sourceTree = "<group>"; };
		4CE66FC2270A2D2D0063A168 /* Info.plist */ = {isa = PBXFileReference; lastKnownFileType = text.plist.xml; path = Info.plist; sourceTree = "<group>"; };
		6D640A7CEE714319E447404E /* Pods-Parstagram.release.xcconfig */ = {isa = PBXFileReference; includeInIndex = 1; lastKnownFileType = text.xcconfig; name = "Pods-Parstagram.release.xcconfig"; path = "Target Support Files/Pods-Parstagram/Pods-Parstagram.release.xcconfig"; sourceTree = "<group>"; };
/* End PBXFileReference section */

/* Begin PBXFrameworksBuildPhase section */
		4CE66FAE270A2D2C0063A168 /* Frameworks */ = {
			isa = PBXFrameworksBuildPhase;
			buildActionMask = 2147483647;
			files = (
				AC395BF80144FA66DA9B8FAC /* Pods_Parstagram.framework in Frameworks */,
			);
			runOnlyForDeploymentPostprocessing = 0;
		};
/* End PBXFrameworksBuildPhase section */

/* Begin PBXGroup section */
		4CE66FA8270A2D2C0063A168 = {
			isa = PBXGroup;
			children = (
				4CE66FB3270A2D2C0063A168 /* Parstagram */,
				4CE66FB2270A2D2C0063A168 /* Products */,
				98B2424982D00F69546D5285 /* Pods */,
				B58F0E9991E4EB3B5902E080 /* Frameworks */,
			);
			sourceTree = "<group>";
		};
		4CE66FB2270A2D2C0063A168 /* Products */ = {
			isa = PBXGroup;
			children = (
				4CE66FB1270A2D2C0063A168 /* Parstagram.app */,
			);
			name = Products;
			sourceTree = "<group>";
		};
		4CE66FB3270A2D2C0063A168 /* Parstagram */ = {
			isa = PBXGroup;
			children = (
				4CD996E0270A5265002010E7 /* PostCell.swift */,
				4CE66FB4270A2D2C0063A168 /* AppDelegate.swift */,
				4CE66FB6270A2D2C0063A168 /* SceneDelegate.swift */,
				4CE66FBA270A2D2C0063A168 /* Main.storyboard */,
				4CA341A3270A301500965F86 /* FeedViewController.swift */,
				4CA341A1270A2E4000965F86 /* LoginViewController.swift */,
				4CE66FBD270A2D2D0063A168 /* Assets.xcassets */,
				4CE66FBF270A2D2D0063A168 /* LaunchScreen.storyboard */,
				4CE66FC2270A2D2D0063A168 /* Info.plist */,
				4CD996DE270A3EDC002010E7 /* CameraViewController.swift */,
				4CC719DA2714872400DCDA90 /* CommentTableViewCell.swift */,
			);
			path = Parstagram;
			sourceTree = "<group>";
		};
		98B2424982D00F69546D5285 /* Pods */ = {
			isa = PBXGroup;
			children = (
				09EDA53C7096223B8ACA9753 /* Pods-Parstagram.debug.xcconfig */,
				6D640A7CEE714319E447404E /* Pods-Parstagram.release.xcconfig */,
			);
			path = Pods;
			sourceTree = "<group>";
		};
		B58F0E9991E4EB3B5902E080 /* Frameworks */ = {
			isa = PBXGroup;
			children = (
				2DF7136A4296E614275F6DD8 /* Pods_Parstagram.framework */,
			);
			name = Frameworks;
			sourceTree = "<group>";
		};
/* End PBXGroup section */

/* Begin PBXNativeTarget section */
		4CE66FB0270A2D2C0063A168 /* Parstagram */ = {
			isa = PBXNativeTarget;
			buildConfigurationList = 4CE66FC5270A2D2D0063A168 /* Build configuration list for PBXNativeTarget "Parstagram" */;
			buildPhases = (
				C6892A2FDB8CD08BA97AB619 /* [CP] Check Pods Manifest.lock */,
				4CE66FAD270A2D2C0063A168 /* Sources */,
				4CE66FAE270A2D2C0063A168 /* Frameworks */,
				4CE66FAF270A2D2C0063A168 /* Resources */,
				F2CAAFC85A1171097829C3E3 /* [CP] Embed Pods Frameworks */,
			);
			buildRules = (
			);
			dependencies = (
			);
			name = Parstagram;
			productName = Parstagram;
			productReference = 4CE66FB1270A2D2C0063A168 /* Parstagram.app */;
			productType = "com.apple.product-type.application";
		};
/* End PBXNativeTarget section */

/* Begin PBXProject section */
		4CE66FA9270A2D2C0063A168 /* Project object */ = {
			isa = PBXProject;
			attributes = {
				LastSwiftUpdateCheck = 1250;
				LastUpgradeCheck = 1250;
				TargetAttributes = {
					4CE66FB0270A2D2C0063A168 = {
						CreatedOnToolsVersion = 12.5.1;
					};
				};
			};
			buildConfigurationList = 4CE66FAC270A2D2C0063A168 /* Build configuration list for PBXProject "Parstagram" */;
			compatibilityVersion = "Xcode 9.3";
			developmentRegion = en;
			hasScannedForEncodings = 0;
			knownRegions = (
				en,
				Base,
			);
			mainGroup = 4CE66FA8270A2D2C0063A168;
			productRefGroup = 4CE66FB2270A2D2C0063A168 /* Products */;
			projectDirPath = "";
			projectRoot = "";
			targets = (
				4CE66FB0270A2D2C0063A168 /* Parstagram */,
			);
		};
/* End PBXProject section */

/* Begin PBXResourcesBuildPhase section */
		4CE66FAF270A2D2C0063A168 /* Resources */ = {
			isa = PBXResourcesBuildPhase;
			buildActionMask = 2147483647;
			files = (
				4CE66FC1270A2D2D0063A168 /* LaunchScreen.storyboard in Resources */,
				4CE66FBE270A2D2D0063A168 /* Assets.xcassets in Resources */,
				4CE66FBC270A2D2C0063A168 /* Main.storyboard in Resources */,
			);
			runOnlyForDeploymentPostprocessing = 0;
		};
/* End PBXResourcesBuildPhase section */

/* Begin PBXShellScriptBuildPhase section */
		C6892A2FDB8CD08BA97AB619 /* [CP] Check Pods Manifest.lock */ = {
			isa = PBXShellScriptBuildPhase;
			buildActionMask = 2147483647;
			files = (
			);
			inputFileListPaths = (
			);
			inputPaths = (
				"${PODS_PODFILE_DIR_PATH}/Podfile.lock",
				"${PODS_ROOT}/Manifest.lock",
			);
			name = "[CP] Check Pods Manifest.lock";
			outputFileListPaths = (
			);
			outputPaths = (
				"$(DERIVED_FILE_DIR)/Pods-Parstagram-checkManifestLockResult.txt",
			);
			runOnlyForDeploymentPostprocessing = 0;
			shellPath = /bin/sh;
			shellScript = "diff \"${PODS_PODFILE_DIR_PATH}/Podfile.lock\" \"${PODS_ROOT}/Manifest.lock\" > /dev/null\nif [ $? != 0 ] ; then\n    # print error to STDERR\n    echo \"error: The sandbox is not in sync with the Podfile.lock. Run 'pod install' or update your CocoaPods installation.\" >&2\n    exit 1\nfi\n# This output is used by Xcode 'outputs' to avoid re-running this script phase.\necho \"SUCCESS\" > \"${SCRIPT_OUTPUT_FILE_0}\"\n";
			showEnvVarsInLog = 0;
		};
		F2CAAFC85A1171097829C3E3 /* [CP] Embed Pods Frameworks */ = {
			isa = PBXShellScriptBuildPhase;
			buildActionMask = 2147483647;
			files = (
			);
			inputFileListPaths = (
				"${PODS_ROOT}/Target Support Files/Pods-Parstagram/Pods-Parstagram-frameworks-${CONFIGURATION}-input-files.xcfilelist",
			);
			name = "[CP] Embed Pods Frameworks";
			outputFileListPaths = (
				"${PODS_ROOT}/Target Support Files/Pods-Parstagram/Pods-Parstagram-frameworks-${CONFIGURATION}-output-files.xcfilelist",
			);
			runOnlyForDeploymentPostprocessing = 0;
			shellPath = /bin/sh;
			shellScript = "\"${PODS_ROOT}/Target Support Files/Pods-Parstagram/Pods-Parstagram-frameworks.sh\"\n";
			showEnvVarsInLog = 0;
		};
/* End PBXShellScriptBuildPhase section */

/* Begin PBXSourcesBuildPhase section */
		4CE66FAD270A2D2C0063A168 /* Sources */ = {
			isa = PBXSourcesBuildPhase;
			buildActionMask = 2147483647;
			files = (
				4CA341A2270A2E4000965F86 /* LoginViewController.swift in Sources */,
				4CD996DF270A3EDC002010E7 /* CameraViewController.swift in Sources */,
				4CA341A4270A301500965F86 /* FeedViewController.swift in Sources */,
				4CE66FB5270A2D2C0063A168 /* AppDelegate.swift in Sources */,
				4CC719DB2714872400DCDA90 /* CommentTableViewCell.swift in Sources */,
				4CE66FB7270A2D2C0063A168 /* SceneDelegate.swift in Sources */,
				4CD996E1270A5265002010E7 /* PostCell.swift in Sources */,
			);
			runOnlyForDeploymentPostprocessing = 0;
		};
/* End PBXSourcesBuildPhase section */

/* Begin PBXVariantGroup section */
		4CE66FBA270A2D2C0063A168 /* Main.storyboard */ = {
			isa = PBXVariantGroup;
			children = (
				4CE66FBB270A2D2C0063A168 /* Base */,
			);
			name = Main.storyboard;
			sourceTree = "<group>";
		};
		4CE66FBF270A2D2D0063A168 /* LaunchScreen.storyboard */ = {
			isa = PBXVariantGroup;
			children = (
				4CE66FC0270A2D2D0063A168 /* Base */,
			);
			name = LaunchScreen.storyboard;
			sourceTree = "<group>";
		};
/* End PBXVariantGroup section */

/* Begin XCBuildConfiguration section */
		4CE66FC3270A2D2D0063A168 /* Debug */ = {
			isa = XCBuildConfiguration;
			buildSettings = {
				ALWAYS_SEARCH_USER_PATHS = NO;
				CLANG_ANALYZER_NONNULL = YES;
				CLANG_ANALYZER_NUMBER_OBJECT_CONVERSION = YES_AGGRESSIVE;
				CLANG_CXX_LANGUAGE_STANDARD = "gnu++14";
				CLANG_CXX_LIBRARY = "libc++";
				CLANG_ENABLE_MODULES = YES;
				CLANG_ENABLE_OBJC_ARC = YES;
				CLANG_ENABLE_OBJC_WEAK = YES;
				CLANG_WARN_BLOCK_CAPTURE_AUTORELEASING = YES;
				CLANG_WARN_BOOL_CONVERSION = YES;
				CLANG_WARN_COMMA = YES;
				CLANG_WARN_CONSTANT_CONVERSION = YES;
				CLANG_WARN_DEPRECATED_OBJC_IMPLEMENTATIONS = YES;
				CLANG_WARN_DIRECT_OBJC_ISA_USAGE = YES_ERROR;
				CLANG_WARN_DOCUMENTATION_COMMENTS = YES;
				CLANG_WARN_EMPTY_BODY = YES;
				CLANG_WARN_ENUM_CONVERSION = YES;
				CLANG_WARN_INFINITE_RECURSION = YES;
				CLANG_WARN_INT_CONVERSION = YES;
				CLANG_WARN_NON_LITERAL_NULL_CONVERSION = YES;
				CLANG_WARN_OBJC_IMPLICIT_RETAIN_SELF = YES;
				CLANG_WARN_OBJC_LITERAL_CONVERSION = YES;
				CLANG_WARN_OBJC_ROOT_CLASS = YES_ERROR;
				CLANG_WARN_QUOTED_INCLUDE_IN_FRAMEWORK_HEADER = YES;
				CLANG_WARN_RANGE_LOOP_ANALYSIS = YES;
				CLANG_WARN_STRICT_PROTOTYPES = YES;
				CLANG_WARN_SUSPICIOUS_MOVE = YES;
				CLANG_WARN_UNGUARDED_AVAILABILITY = YES_AGGRESSIVE;
				CLANG_WARN_UNREACHABLE_CODE = YES;
				CLANG_WARN__DUPLICATE_METHOD_MATCH = YES;
				COPY_PHASE_STRIP = NO;
				DEBUG_INFORMATION_FORMAT = dwarf;
				ENABLE_STRICT_OBJC_MSGSEND = YES;
				ENABLE_TESTABILITY = YES;
				GCC_C_LANGUAGE_STANDARD = gnu11;
				GCC_DYNAMIC_NO_PIC = NO;
				GCC_NO_COMMON_BLOCKS = YES;
				GCC_OPTIMIZATION_LEVEL = 0;
				GCC_PREPROCESSOR_DEFINITIONS = (
					"DEBUG=1",
					"$(inherited)",
				);
				GCC_WARN_64_TO_32_BIT_CONVERSION = YES;
				GCC_WARN_ABOUT_RETURN_TYPE = YES_ERROR;
				GCC_WARN_UNDECLARED_SELECTOR = YES;
				GCC_WARN_UNINITIALIZED_AUTOS = YES_AGGRESSIVE;
				GCC_WARN_UNUSED_FUNCTION = YES;
				GCC_WARN_UNUSED_VARIABLE = YES;
				IPHONEOS_DEPLOYMENT_TARGET = 14.5;
				MTL_ENABLE_DEBUG_INFO = INCLUDE_SOURCE;
				MTL_FAST_MATH = YES;
				ONLY_ACTIVE_ARCH = YES;
				SDKROOT = iphoneos;
				SWIFT_ACTIVE_COMPILATION_CONDITIONS = DEBUG;
				SWIFT_OPTIMIZATION_LEVEL = "-Onone";
			};
			name = Debug;
		};
		4CE66FC4270A2D2D0063A168 /* Release */ = {
			isa = XCBuildConfiguration;
			buildSettings = {
				ALWAYS_SEARCH_USER_PATHS = NO;
				CLANG_ANALYZER_NONNULL = YES;
				CLANG_ANALYZER_NUMBER_OBJECT_CONVERSION = YES_AGGRESSIVE;
				CLANG_CXX_LANGUAGE_STANDARD = "gnu++14";
				CLANG_CXX_LIBRARY = "libc++";
				CLANG_ENABLE_MODULES = YES;
				CLANG_ENABLE_OBJC_ARC = YES;
				CLANG_ENABLE_OBJC_WEAK = YES;
				CLANG_WARN_BLOCK_CAPTURE_AUTORELEASING = YES;
				CLANG_WARN_BOOL_CONVERSION = YES;
				CLANG_WARN_COMMA = YES;
				CLANG_WARN_CONSTANT_CONVERSION = YES;
				CLANG_WARN_DEPRECATED_OBJC_IMPLEMENTATIONS = YES;
				CLANG_WARN_DIRECT_OBJC_ISA_USAGE = YES_ERROR;
				CLANG_WARN_DOCUMENTATION_COMMENTS = YES;
				CLANG_WARN_EMPTY_BODY = YES;
				CLANG_WARN_ENUM_CONVERSION = YES;
				CLANG_WARN_INFINITE_RECURSION = YES;
				CLANG_WARN_INT_CONVERSION = YES;
				CLANG_WARN_NON_LITERAL_NULL_CONVERSION = YES;
				CLANG_WARN_OBJC_IMPLICIT_RETAIN_SELF = YES;
				CLANG_WARN_OBJC_LITERAL_CONVERSION = YES;
				CLANG_WARN_OBJC_ROOT_CLASS = YES_ERROR;
				CLANG_WARN_QUOTED_INCLUDE_IN_FRAMEWORK_HEADER = YES;
				CLANG_WARN_RANGE_LOOP_ANALYSIS = YES;
				CLANG_WARN_STRICT_PROTOTYPES = YES;
				CLANG_WARN_SUSPICIOUS_MOVE = YES;
				CLANG_WARN_UNGUARDED_AVAILABILITY = YES_AGGRESSIVE;
				CLANG_WARN_UNREACHABLE_CODE = YES;
				CLANG_WARN__DUPLICATE_METHOD_MATCH = YES;
				COPY_PHASE_STRIP = NO;
				DEBUG_INFORMATION_FORMAT = "dwarf-with-dsym";
				ENABLE_NS_ASSERTIONS = NO;
				ENABLE_STRICT_OBJC_MSGSEND = YES;
				GCC_C_LANGUAGE_STANDARD = gnu11;
				GCC_NO_COMMON_BLOCKS = YES;
				GCC_WARN_64_TO_32_BIT_CONVERSION = YES;
				GCC_WARN_ABOUT_RETURN_TYPE = YES_ERROR;
				GCC_WARN_UNDECLARED_SELECTOR = YES;
				GCC_WARN_UNINITIALIZED_AUTOS = YES_AGGRESSIVE;
				GCC_WARN_UNUSED_FUNCTION = YES;
				GCC_WARN_UNUSED_VARIABLE = YES;
				IPHONEOS_DEPLOYMENT_TARGET = 14.5;
				MTL_ENABLE_DEBUG_INFO = NO;
				MTL_FAST_MATH = YES;
				SDKROOT = iphoneos;
				SWIFT_COMPILATION_MODE = wholemodule;
				SWIFT_OPTIMIZATION_LEVEL = "-O";
				VALIDATE_PRODUCT = YES;
			};
			name = Release;
		};
		4CE66FC6270A2D2D0063A168 /* Debug */ = {
			isa = XCBuildConfiguration;
			baseConfigurationReference = 09EDA53C7096223B8ACA9753 /* Pods-Parstagram.debug.xcconfig */;
			buildSettings = {
				ASSETCATALOG_COMPILER_APPICON_NAME = AppIcon;
				ASSETCATALOG_COMPILER_GLOBAL_ACCENT_COLOR_NAME = AccentColor;
				CODE_SIGN_STYLE = Automatic;
				DEVELOPMENT_TEAM = SJYRG4RFXA;
				INFOPLIST_FILE = Parstagram/Info.plist;
				LD_RUNPATH_SEARCH_PATHS = (
					"$(inherited)",
					"@executable_path/Frameworks",
				);
				PRODUCT_BUNDLE_IDENTIFIER = leo.Parstagram;
				PRODUCT_NAME = "$(TARGET_NAME)";
				SWIFT_VERSION = 5.0;
				TARGETED_DEVICE_FAMILY = "1,2";
			};
			name = Debug;
		};
		4CE66FC7270A2D2D0063A168 /* Release */ = {
			isa = XCBuildConfiguration;
			baseConfigurationReference = 6D640A7CEE714319E447404E /* Pods-Parstagram.release.xcconfig */;
			buildSettings = {
				ASSETCATALOG_COMPILER_APPICON_NAME = AppIcon;
				ASSETCATALOG_COMPILER_GLOBAL_ACCENT_COLOR_NAME = AccentColor;
				CODE_SIGN_STYLE = Automatic;
				DEVELOPMENT_TEAM = SJYRG4RFXA;
				INFOPLIST_FILE = Parstagram/Info.plist;
				LD_RUNPATH_SEARCH_PATHS = (
					"$(inherited)",
					"@executable_path/Frameworks",
				);
				PRODUCT_BUNDLE_IDENTIFIER = leo.Parstagram;
				PRODUCT_NAME = "$(TARGET_NAME)";
				SWIFT_VERSION = 5.0;
				TARGETED_DEVICE_FAMILY = "1,2";
			};
			name = Release;
		};
/* End XCBuildConfiguration section */

/* Begin XCConfigurationList section */
		4CE66FAC270A2D2C0063A168 /* Build configuration list for PBXProject "Parstagram" */ = {
			isa = XCConfigurationList;
			buildConfigurations = (
				4CE66FC3270A2D2D0063A168 /* Debug */,
				4CE66FC4270A2D2D0063A168 /* Release */,
			);
			defaultConfigurationIsVisible = 0;
			defaultConfigurationName = Release;
		};
		4CE66FC5270A2D2D0063A168 /* Build configuration list for PBXNativeTarget "Parstagram" */ = {
			isa = XCConfigurationList;
			buildConfigurations = (
				4CE66FC6270A2D2D0063A168 /* Debug */,
				4CE66FC7270A2D2D0063A168 /* Release */,
			);
			defaultConfigurationIsVisible = 0;
			defaultConfigurationName = Release;
		};
/* End XCConfigurationList section */
	};
	rootObject = 4CE66FA9270A2D2C0063A168 /* Project object */;
}
